
Microsoft Visual Studio Solution File, Format Version 12.00
# Visual Studio 2012
Project("{FAE04EC0-301F-11D3-BF4B-00C04F79EFBC}") = "tx_watermark", "tx_watermark.csproj", "{1266940D-6F3C-4671-88D0-C44728E8C397}"
EndProject
Global
	GlobalSection(SolutionConfigurationPlatforms) = preSolution
		Debug|Any CPU = Debug|Any CPU
		Release|Any CPU = Release|Any CPU
	EndGlobalSection
	GlobalSection(ProjectConfigurationPlatforms) = postSolution
		{1266940D-6F3C-4671-88D0-C44728E8C397}.Debug|Any CPU.ActiveCfg = Debug|Any CPU
		{1266940D-6F3C-4671-88D0-C44728E8C397}.Debug|Any CPU.Build.0 = Debug|Any CPU
		{1266940D-6F3C-4671-88D0-C44728E8C397}.Release|Any CPU.ActiveCfg = Release|Any CPU
		{1266940D-6F3C-4671-88D0-C44728E8C397}.Release|Any CPU.Build.0 = Release|Any CPU
	EndGlobalSection
	GlobalSection(SolutionProperties) = preSolution
		HideSolutionNode = FALSE
	EndGlobalSection
EndGlobal
